
Microsoft Visual Studio Solution File, Format Version 12.00
# Visual Studio 15
VisualStudioVersion = 15.0.28010.2036
MinimumVisualStudioVersion = 10.0.40219.1
Project("{FAE04EC0-301F-11D3-BF4B-00C04F79EFBC}") = "ThuongMaiDienTuAPI", "ThuongMaiDienTuAPI\ThuongMaiDienTuAPI.csproj", "{33B76771-2017-45D0-B505-9E6689FEF455}"
EndProject
Project("{FAE04EC0-301F-11D3-BF4B-00C04F79EFBC}") = "WebMobileMVC", "WebMobileMVC\WebMobileMVC.csproj", "{C9A99993-D5C8-43C9-8D15-E362BE8FD5D5}"
EndProject
Global
	GlobalSection(SolutionConfigurationPlatforms) = preSolution
		Debug|Any CPU = Debug|Any CPU
		Release|Any CPU = Release|Any CPU
	EndGlobalSection
	GlobalSection(ProjectConfigurationPlatforms) = postSolution
		{33B76771-2017-45D0-B505-9E6689FEF455}.Debug|Any CPU.ActiveCfg = Debug|Any CPU
		{33B76771-2017-45D0-B505-9E6689FEF455}.Debug|Any CPU.Build.0 = Debug|Any CPU
		{33B76771-2017-45D0-B505-9E6689FEF455}.Release|Any CPU.ActiveCfg = Release|Any CPU
		{33B76771-2017-45D0-B505-9E6689FEF455}.Release|Any CPU.Build.0 = Release|Any CPU
		{C9A99993-D5C8-43C9-8D15-E362BE8FD5D5}.Debug|Any CPU.ActiveCfg = Debug|Any CPU
		{C9A99993-D5C8-43C9-8D15-E362BE8FD5D5}.Debug|Any CPU.Build.0 = Debug|Any CPU
		{C9A99993-D5C8-43C9-8D15-E362BE8FD5D5}.Release|Any CPU.ActiveCfg = Release|Any CPU
		{C9A99993-D5C8-43C9-8D15-E362BE8FD5D5}.Release|Any CPU.Build.0 = Release|Any CPU
	EndGlobalSection
	GlobalSection(SolutionProperties) = preSolution
		HideSolutionNode = FALSE
	EndGlobalSection
	GlobalSection(ExtensibilityGlobals) = postSolution
		SolutionGuid = {C71B1633-9B5D-441D-92AD-0DE44D75E177}
	EndGlobalSection
EndGlobal
